{
  "name": "OrangeFarmAssignment",
  "lockfileVersion": 2,
  "requires": true,
  "packages": {
    "": {
      "dependencies": {
        "react-progressbar-semicircle": "^1.2.1"
      }
    },
    "node_modules/react-progressbar-semicircle": {
      "version": "1.2.1",
      "resolved": "https://registry.npmjs.org/react-progressbar-semicircle/-/react-progressbar-semicircle-1.2.1.tgz",
      "integrity": "sha512-idSWvbagqUo02H4nsbN6wwGAocNo/rWjRyIudhx3VPSeMg1m/vkjs7Xx4XSfuPLxP1p4DbFL7IW2JoeW9Mz4CQ==",
      "peerDependencies": {
        "prop-types": "^15.5.4",
        "react": "^15.0.0 || ^16.0.0",
        "react-dom": "^15.0.0 || ^16.0.0"
      }
    }
  },
  "dependencies": {
    "react-progressbar-semicircle": {
      "version": "1.2.1",
      "resolved": "https://registry.npmjs.org/react-progressbar-semicircle/-/react-progressbar-semicircle-1.2.1.tgz",
      "integrity": "sha512-idSWvbagqUo02H4nsbN6wwGAocNo/rWjRyIudhx3VPSeMg1m/vkjs7Xx4XSfuPLxP1p4DbFL7IW2JoeW9Mz4CQ=="
    }
  }
}
