{
  "name": "OrangeFarmAssignment",
  "lockfileVersion": 2,
  "requires": true,
  "packages": {
    "": {
      "dependencies": {
        "react-circular-progressbar": "^2.1.0",
        "react-progressbar-semicircle": "^1.2.1"
      }
    },
    "node_modules/react-circular-progressbar": {
      "version": "2.1.0",
      "resolved": "https://registry.npmjs.org/react-circular-progressbar/-/react-circular-progressbar-2.1.0.tgz",
      "integrity": "sha512-xp4THTrod4aLpGy68FX/k1Q3nzrfHUjUe5v6FsdwXBl3YVMwgeXYQKDrku7n/D6qsJA9CuunarAboC2xCiKs1g==",
      "peerDependencies": {
        "react": "^0.14.0 || ^15.0.0 || ^16.0.0 || ^17.0.0 || ^18.0.0"
      }
    },
    "node_modules/react-progressbar-semicircle": {
      "version": "1.2.1",
      "resolved": "https://registry.npmjs.org/react-progressbar-semicircle/-/react-progressbar-semicircle-1.2.1.tgz",
      "integrity": "sha512-idSWvbagqUo02H4nsbN6wwGAocNo/rWjRyIudhx3VPSeMg1m/vkjs7Xx4XSfuPLxP1p4DbFL7IW2JoeW9Mz4CQ==",
      "peerDependencies": {
        "prop-types": "^15.5.4",
        "react": "^15.0.0 || ^16.0.0",
        "react-dom": "^15.0.0 || ^16.0.0"
      }
    }
  },
  "dependencies": {
    "react-circular-progressbar": {
      "version": "2.1.0",
      "resolved": "https://registry.npmjs.org/react-circular-progressbar/-/react-circular-progressbar-2.1.0.tgz",
      "integrity": "sha512-xp4THTrod4aLpGy68FX/k1Q3nzrfHUjUe5v6FsdwXBl3YVMwgeXYQKDrku7n/D6qsJA9CuunarAboC2xCiKs1g=="
    },
    "react-progressbar-semicircle": {
      "version": "1.2.1",
      "resolved": "https://registry.npmjs.org/react-progressbar-semicircle/-/react-progressbar-semicircle-1.2.1.tgz",
      "integrity": "sha512-idSWvbagqUo02H4nsbN6wwGAocNo/rWjRyIudhx3VPSeMg1m/vkjs7Xx4XSfuPLxP1p4DbFL7IW2JoeW9Mz4CQ=="
    }
  }
}
